
Microsoft Visual Studio Solution File, Format Version 12.00
# Visual Studio Version 16
VisualStudioVersion = 16.0.31729.503
MinimumVisualStudioVersion = 10.0.40219.1
Project("{FAE04EC0-301F-11D3-BF4B-00C04F79EFBC}") = "DLLS.Comcer.API", "DLLS.Comcer.API\DLLS.Comcer.API.csproj", "{92C52E10-06F3-48C9-BB38-8D404EB46BB5}"
EndProject
Project("{FAE04EC0-301F-11D3-BF4B-00C04F79EFBC}") = "DLLS.Comcer.Interfaces", "DLLS.Comcer.Interfaces\DLLS.Comcer.Interfaces.csproj", "{0F0B872C-45A7-491A-855A-C5A090C0BBBA}"
EndProject
Project("{FAE04EC0-301F-11D3-BF4B-00C04F79EFBC}") = "DLLS.Comcer.Startup", "DLLS.Comcer.Startup\DLLS.Comcer.Startup.csproj", "{802297D3-5E96-4CC6-BA81-5EB01A27A2C6}"
EndProject
Project("{FAE04EC0-301F-11D3-BF4B-00C04F79EFBC}") = "DLLS.Comcer.Dominio", "DLLS.Comcer.Dominio\DLLS.Comcer.Dominio.csproj", "{DDA152AC-EEF3-45CD-A801-20109DCADD29}"
EndProject
Project("{FAE04EC0-301F-11D3-BF4B-00C04F79EFBC}") = "DLLS.Comcer.Infraestrutura", "DLLS.Comcer.Infraestrutura\DLLS.Comcer.Infraestrutura.csproj", "{2B911455-BC24-42AD-AB6F-6E5E20169306}"
EndProject
Project("{FAE04EC0-301F-11D3-BF4B-00C04F79EFBC}") = "DLLS.Comcer.Negocio", "DLLS.Comcer.Negocio\DLLS.Comcer.Negocio.csproj", "{450512D2-95C6-4771-8933-AAD749542CE1}"
EndProject
Project("{FAE04EC0-301F-11D3-BF4B-00C04F79EFBC}") = "DLLS.Comcer.Utilitarios", "DLLS.Comcer.Utilitarios\DLLS.Comcer.Utilitarios.csproj", "{DBDC8411-8D15-4AFD-8E06-22CF4764904D}"
EndProject
Global
	GlobalSection(SolutionConfigurationPlatforms) = preSolution
		Debug|Any CPU = Debug|Any CPU
		Release|Any CPU = Release|Any CPU
	EndGlobalSection
	GlobalSection(ProjectConfigurationPlatforms) = postSolution
		{92C52E10-06F3-48C9-BB38-8D404EB46BB5}.Debug|Any CPU.ActiveCfg = Debug|Any CPU
		{92C52E10-06F3-48C9-BB38-8D404EB46BB5}.Debug|Any CPU.Build.0 = Debug|Any CPU
		{92C52E10-06F3-48C9-BB38-8D404EB46BB5}.Release|Any CPU.ActiveCfg = Release|Any CPU
		{92C52E10-06F3-48C9-BB38-8D404EB46BB5}.Release|Any CPU.Build.0 = Release|Any CPU
		{0F0B872C-45A7-491A-855A-C5A090C0BBBA}.Debug|Any CPU.ActiveCfg = Debug|Any CPU
		{0F0B872C-45A7-491A-855A-C5A090C0BBBA}.Debug|Any CPU.Build.0 = Debug|Any CPU
		{0F0B872C-45A7-491A-855A-C5A090C0BBBA}.Release|Any CPU.ActiveCfg = Release|Any CPU
		{0F0B872C-45A7-491A-855A-C5A090C0BBBA}.Release|Any CPU.Build.0 = Release|Any CPU
		{802297D3-5E96-4CC6-BA81-5EB01A27A2C6}.Debug|Any CPU.ActiveCfg = Debug|Any CPU
		{802297D3-5E96-4CC6-BA81-5EB01A27A2C6}.Debug|Any CPU.Build.0 = Debug|Any CPU
		{802297D3-5E96-4CC6-BA81-5EB01A27A2C6}.Release|Any CPU.ActiveCfg = Release|Any CPU
		{802297D3-5E96-4CC6-BA81-5EB01A27A2C6}.Release|Any CPU.Build.0 = Release|Any CPU
		{DDA152AC-EEF3-45CD-A801-20109DCADD29}.Debug|Any CPU.ActiveCfg = Debug|Any CPU
		{DDA152AC-EEF3-45CD-A801-20109DCADD29}.Debug|Any CPU.Build.0 = Debug|Any CPU
		{DDA152AC-EEF3-45CD-A801-20109DCADD29}.Release|Any CPU.ActiveCfg = Release|Any CPU
		{DDA152AC-EEF3-45CD-A801-20109DCADD29}.Release|Any CPU.Build.0 = Release|Any CPU
		{2B911455-BC24-42AD-AB6F-6E5E20169306}.Debug|Any CPU.ActiveCfg = Debug|Any CPU
		{2B911455-BC24-42AD-AB6F-6E5E20169306}.Debug|Any CPU.Build.0 = Debug|Any CPU
		{2B911455-BC24-42AD-AB6F-6E5E20169306}.Release|Any CPU.ActiveCfg = Release|Any CPU
		{2B911455-BC24-42AD-AB6F-6E5E20169306}.Release|Any CPU.Build.0 = Release|Any CPU
		{450512D2-95C6-4771-8933-AAD749542CE1}.Debug|Any CPU.ActiveCfg = Debug|Any CPU
		{450512D2-95C6-4771-8933-AAD749542CE1}.Debug|Any CPU.Build.0 = Debug|Any CPU
		{450512D2-95C6-4771-8933-AAD749542CE1}.Release|Any CPU.ActiveCfg = Release|Any CPU
		{450512D2-95C6-4771-8933-AAD749542CE1}.Release|Any CPU.Build.0 = Release|Any CPU
		{DBDC8411-8D15-4AFD-8E06-22CF4764904D}.Debug|Any CPU.ActiveCfg = Debug|Any CPU
		{DBDC8411-8D15-4AFD-8E06-22CF4764904D}.Debug|Any CPU.Build.0 = Debug|Any CPU
		{DBDC8411-8D15-4AFD-8E06-22CF4764904D}.Release|Any CPU.ActiveCfg = Release|Any CPU
		{DBDC8411-8D15-4AFD-8E06-22CF4764904D}.Release|Any CPU.Build.0 = Release|Any CPU
	EndGlobalSection
	GlobalSection(SolutionProperties) = preSolution
		HideSolutionNode = FALSE
	EndGlobalSection
	GlobalSection(ExtensibilityGlobals) = postSolution
		SolutionGuid = {ECF109F0-9EFD-4D65-9008-3B38E414A2D6}
	EndGlobalSection
EndGlobal
